// !$*UTF8*$!
{
	archiveVersion = 1;
	classes = {
	};
	objectVersion = 55;
	objects = {

/* Begin PBXBuildFile section */
		802A3DE17801E86C0D4AAAE0 /* Pods_FindPersona.framework in Frameworks */ = {isa = PBXBuildFile; fileRef = D59ABE6DDF3B27C21FB7DA63 /* Pods_FindPersona.framework */; };
		8933F77A28684A7B0052A96D /* ViewBuilderType.swift in Sources */ = {isa = PBXBuildFile; fileRef = 8933F77928684A7B0052A96D /* ViewBuilderType.swift */; };
		8933F77C28684AF50052A96D /* QuestionViewBuilder.swift in Sources */ = {isa = PBXBuildFile; fileRef = 8933F77B28684AF50052A96D /* QuestionViewBuilder.swift */; };
		894F175828675EC300F34D57 /* AppDelegate.swift in Sources */ = {isa = PBXBuildFile; fileRef = 894F175728675EC300F34D57 /* AppDelegate.swift */; };
		894F175A28675EC300F34D57 /* SceneDelegate.swift in Sources */ = {isa = PBXBuildFile; fileRef = 894F175928675EC300F34D57 /* SceneDelegate.swift */; };
		894F176128675EC300F34D57 /* Assets.xcassets in Resources */ = {isa = PBXBuildFile; fileRef = 894F176028675EC300F34D57 /* Assets.xcassets */; };
		894F176428675EC300F34D57 /* LaunchScreen.storyboard in Resources */ = {isa = PBXBuildFile; fileRef = 894F176228675EC300F34D57 /* LaunchScreen.storyboard */; };
		894F177228675F7A00F34D57 /* MainViewController.swift in Sources */ = {isa = PBXBuildFile; fileRef = 894F177128675F7A00F34D57 /* MainViewController.swift */; };
		89584D012868430D00AD094F /* ViewType.swift in Sources */ = {isa = PBXBuildFile; fileRef = 89584D002868430D00AD094F /* ViewType.swift */; };
		89584D03286843FA00AD094F /* ViewModelType.swift in Sources */ = {isa = PBXBuildFile; fileRef = 89584D02286843FA00AD094F /* ViewModelType.swift */; };
		89584D05286845A000AD094F /* MainViewModel.swift in Sources */ = {isa = PBXBuildFile; fileRef = 89584D04286845A000AD094F /* MainViewModel.swift */; };
/* End PBXBuildFile section */

/* Begin PBXFileReference section */
		8933F77928684A7B0052A96D /* ViewBuilderType.swift */ = {isa = PBXFileReference; lastKnownFileType = sourcecode.swift; path = ViewBuilderType.swift; sourceTree = "<group>"; };
		8933F77B28684AF50052A96D /* QuestionViewBuilder.swift */ = {isa = PBXFileReference; lastKnownFileType = sourcecode.swift; path = QuestionViewBuilder.swift; sourceTree = "<group>"; };
		894F175428675EC300F34D57 /* FindPersona.app */ = {isa = PBXFileReference; explicitFileType = wrapper.application; includeInIndex = 0; path = FindPersona.app; sourceTree = BUILT_PRODUCTS_DIR; };
		894F175728675EC300F34D57 /* AppDelegate.swift */ = {isa = PBXFileReference; lastKnownFileType = sourcecode.swift; path = AppDelegate.swift; sourceTree = "<group>"; };
		894F175928675EC300F34D57 /* SceneDelegate.swift */ = {isa = PBXFileReference; lastKnownFileType = sourcecode.swift; path = SceneDelegate.swift; sourceTree = "<group>"; };
		894F176028675EC300F34D57 /* Assets.xcassets */ = {isa = PBXFileReference; lastKnownFileType = folder.assetcatalog; path = Assets.xcassets; sourceTree = "<group>"; };
		894F176328675EC300F34D57 /* Base */ = {isa = PBXFileReference; lastKnownFileType = file.storyboard; name = Base; path = Base.lproj/LaunchScreen.storyboard; sourceTree = "<group>"; };
		894F176528675EC300F34D57 /* Info.plist */ = {isa = PBXFileReference; lastKnownFileType = text.plist.xml; path = Info.plist; sourceTree = "<group>"; };
		894F177128675F7A00F34D57 /* MainViewController.swift */ = {isa = PBXFileReference; lastKnownFileType = sourcecode.swift; path = MainViewController.swift; sourceTree = "<group>"; };
		89584D002868430D00AD094F /* ViewType.swift */ = {isa = PBXFileReference; lastKnownFileType = sourcecode.swift; path = ViewType.swift; sourceTree = "<group>"; };
		89584D02286843FA00AD094F /* ViewModelType.swift */ = {isa = PBXFileReference; lastKnownFileType = sourcecode.swift; path = ViewModelType.swift; sourceTree = "<group>"; };
		89584D04286845A000AD094F /* MainViewModel.swift */ = {isa = PBXFileReference; lastKnownFileType = sourcecode.swift; path = MainViewModel.swift; sourceTree = "<group>"; };
		8F7D9933B8E8F40028FAEBE3 /* Pods-FindPersona.debug.xcconfig */ = {isa = PBXFileReference; includeInIndex = 1; lastKnownFileType = text.xcconfig; name = "Pods-FindPersona.debug.xcconfig"; path = "Target Support Files/Pods-FindPersona/Pods-FindPersona.debug.xcconfig"; sourceTree = "<group>"; };
		D59ABE6DDF3B27C21FB7DA63 /* Pods_FindPersona.framework */ = {isa = PBXFileReference; explicitFileType = wrapper.framework; includeInIndex = 0; path = Pods_FindPersona.framework; sourceTree = BUILT_PRODUCTS_DIR; };
		D82F9045087B889A56714AE6 /* Pods-FindPersona.release.xcconfig */ = {isa = PBXFileReference; includeInIndex = 1; lastKnownFileType = text.xcconfig; name = "Pods-FindPersona.release.xcconfig"; path = "Target Support Files/Pods-FindPersona/Pods-FindPersona.release.xcconfig"; sourceTree = "<group>"; };
/* End PBXFileReference section */

/* Begin PBXFrameworksBuildPhase section */
		894F175128675EC300F34D57 /* Frameworks */ = {
			isa = PBXFrameworksBuildPhase;
			buildActionMask = 2147483647;
			files = (
				802A3DE17801E86C0D4AAAE0 /* Pods_FindPersona.framework in Frameworks */,
			);
			runOnlyForDeploymentPostprocessing = 0;
		};
/* End PBXFrameworksBuildPhase section */

/* Begin PBXGroup section */
		72929A489760B89A138D3B08 /* Frameworks */ = {
			isa = PBXGroup;
			children = (
				D59ABE6DDF3B27C21FB7DA63 /* Pods_FindPersona.framework */,
			);
			name = Frameworks;
			sourceTree = "<group>";
		};
		894F174B28675EC300F34D57 = {
			isa = PBXGroup;
			children = (
				894F175628675EC300F34D57 /* FindPersona */,
				894F175528675EC300F34D57 /* Products */,
				A17EE5396D68CCCE54178210 /* Pods */,
				72929A489760B89A138D3B08 /* Frameworks */,
			);
			sourceTree = "<group>";
		};
		894F175528675EC300F34D57 /* Products */ = {
			isa = PBXGroup;
			children = (
				894F175428675EC300F34D57 /* FindPersona.app */,
			);
			name = Products;
			sourceTree = "<group>";
		};
		894F175628675EC300F34D57 /* FindPersona */ = {
			isa = PBXGroup;
			children = (
				894F177028675F3200F34D57 /* Resources */,
				894F176F28675F2800F34D57 /* App */,
				894F176E28675F2300F34D57 /* Model */,
				894F176D28675F1C00F34D57 /* Builder */,
				894F176C28675F1500F34D57 /* ViewModel */,
				894F176B28675F1000F34D57 /* View */,
			);
			path = FindPersona;
			sourceTree = "<group>";
		};
		894F176B28675F1000F34D57 /* View */ = {
			isa = PBXGroup;
			children = (
				894F177128675F7A00F34D57 /* MainViewController.swift */,
				89584D002868430D00AD094F /* ViewType.swift */,
			);
			path = View;
			sourceTree = "<group>";
		};
		894F176C28675F1500F34D57 /* ViewModel */ = {
			isa = PBXGroup;
			children = (
				89584D02286843FA00AD094F /* ViewModelType.swift */,
				89584D04286845A000AD094F /* MainViewModel.swift */,
			);
			path = ViewModel;
			sourceTree = "<group>";
		};
		894F176D28675F1C00F34D57 /* Builder */ = {
			isa = PBXGroup;
			children = (
				8933F77928684A7B0052A96D /* ViewBuilderType.swift */,
				8933F77B28684AF50052A96D /* QuestionViewBuilder.swift */,
			);
			path = Builder;
			sourceTree = "<group>";
		};
		894F176E28675F2300F34D57 /* Model */ = {
			isa = PBXGroup;
			children = (
			);
			path = Model;
			sourceTree = "<group>";
		};
		894F176F28675F2800F34D57 /* App */ = {
			isa = PBXGroup;
			children = (
				894F175728675EC300F34D57 /* AppDelegate.swift */,
				894F175928675EC300F34D57 /* SceneDelegate.swift */,
			);
			path = App;
			sourceTree = "<group>";
		};
		894F177028675F3200F34D57 /* Resources */ = {
			isa = PBXGroup;
			children = (
				894F176028675EC300F34D57 /* Assets.xcassets */,
				894F176228675EC300F34D57 /* LaunchScreen.storyboard */,
				894F176528675EC300F34D57 /* Info.plist */,
			);
			path = Resources;
			sourceTree = "<group>";
		};
		A17EE5396D68CCCE54178210 /* Pods */ = {
			isa = PBXGroup;
			children = (
				8F7D9933B8E8F40028FAEBE3 /* Pods-FindPersona.debug.xcconfig */,
				D82F9045087B889A56714AE6 /* Pods-FindPersona.release.xcconfig */,
			);
			path = Pods;
			sourceTree = "<group>";
		};
/* End PBXGroup section */

/* Begin PBXNativeTarget section */
		894F175328675EC300F34D57 /* FindPersona */ = {
			isa = PBXNativeTarget;
			buildConfigurationList = 894F176828675EC300F34D57 /* Build configuration list for PBXNativeTarget "FindPersona" */;
			buildPhases = (
				519881F43CDAA7C0B1E6338E /* [CP] Check Pods Manifest.lock */,
				894F175028675EC300F34D57 /* Sources */,
				894F175128675EC300F34D57 /* Frameworks */,
				894F175228675EC300F34D57 /* Resources */,
				B842FC7E529DE53CD547D650 /* [CP] Embed Pods Frameworks */,
			);
			buildRules = (
			);
			dependencies = (
			);
			name = FindPersona;
			productName = FindPersona;
			productReference = 894F175428675EC300F34D57 /* FindPersona.app */;
			productType = "com.apple.product-type.application";
		};
/* End PBXNativeTarget section */

/* Begin PBXProject section */
		894F174C28675EC300F34D57 /* Project object */ = {
			isa = PBXProject;
			attributes = {
				BuildIndependentTargetsInParallel = 1;
				LastSwiftUpdateCheck = 1340;
				LastUpgradeCheck = 1340;
				TargetAttributes = {
					894F175328675EC300F34D57 = {
						CreatedOnToolsVersion = 13.4.1;
					};
				};
			};
			buildConfigurationList = 894F174F28675EC300F34D57 /* Build configuration list for PBXProject "FindPersona" */;
			compatibilityVersion = "Xcode 13.0";
			developmentRegion = en;
			hasScannedForEncodings = 0;
			knownRegions = (
				en,
				Base,
			);
			mainGroup = 894F174B28675EC300F34D57;
			productRefGroup = 894F175528675EC300F34D57 /* Products */;
			projectDirPath = "";
			projectRoot = "";
			targets = (
				894F175328675EC300F34D57 /* FindPersona */,
			);
		};
/* End PBXProject section */

/* Begin PBXResourcesBuildPhase section */
		894F175228675EC300F34D57 /* Resources */ = {
			isa = PBXResourcesBuildPhase;
			buildActionMask = 2147483647;
			files = (
				894F176428675EC300F34D57 /* LaunchScreen.storyboard in Resources */,
				894F176128675EC300F34D57 /* Assets.xcassets in Resources */,
			);
			runOnlyForDeploymentPostprocessing = 0;
		};
/* End PBXResourcesBuildPhase section */

/* Begin PBXShellScriptBuildPhase section */
		519881F43CDAA7C0B1E6338E /* [CP] Check Pods Manifest.lock */ = {
			isa = PBXShellScriptBuildPhase;
			buildActionMask = 2147483647;
			files = (
			);
			inputFileListPaths = (
			);
			inputPaths = (
				"${PODS_PODFILE_DIR_PATH}/Podfile.lock",
				"${PODS_ROOT}/Manifest.lock",
			);
			name = "[CP] Check Pods Manifest.lock";
			outputFileListPaths = (
			);
			outputPaths = (
				"$(DERIVED_FILE_DIR)/Pods-FindPersona-checkManifestLockResult.txt",
			);
			runOnlyForDeploymentPostprocessing = 0;
			shellPath = /bin/sh;
			shellScript = "diff \"${PODS_PODFILE_DIR_PATH}/Podfile.lock\" \"${PODS_ROOT}/Manifest.lock\" > /dev/null\nif [ $? != 0 ] ; then\n    # print error to STDERR\n    echo \"error: The sandbox is not in sync with the Podfile.lock. Run 'pod install' or update your CocoaPods installation.\" >&2\n    exit 1\nfi\n# This output is used by Xcode 'outputs' to avoid re-running this script phase.\necho \"SUCCESS\" > \"${SCRIPT_OUTPUT_FILE_0}\"\n";
			showEnvVarsInLog = 0;
		};
		B842FC7E529DE53CD547D650 /* [CP] Embed Pods Frameworks */ = {
			isa = PBXShellScriptBuildPhase;
			buildActionMask = 2147483647;
			files = (
			);
			inputFileListPaths = (
				"${PODS_ROOT}/Target Support Files/Pods-FindPersona/Pods-FindPersona-frameworks-${CONFIGURATION}-input-files.xcfilelist",
			);
			name = "[CP] Embed Pods Frameworks";
			outputFileListPaths = (
				"${PODS_ROOT}/Target Support Files/Pods-FindPersona/Pods-FindPersona-frameworks-${CONFIGURATION}-output-files.xcfilelist",
			);
			runOnlyForDeploymentPostprocessing = 0;
			shellPath = /bin/sh;
			shellScript = "\"${PODS_ROOT}/Target Support Files/Pods-FindPersona/Pods-FindPersona-frameworks.sh\"\n";
			showEnvVarsInLog = 0;
		};
/* End PBXShellScriptBuildPhase section */

/* Begin PBXSourcesBuildPhase section */
		894F175028675EC300F34D57 /* Sources */ = {
			isa = PBXSourcesBuildPhase;
			buildActionMask = 2147483647;
			files = (
				894F177228675F7A00F34D57 /* MainViewController.swift in Sources */,
				8933F77A28684A7B0052A96D /* ViewBuilderType.swift in Sources */,
				894F175828675EC300F34D57 /* AppDelegate.swift in Sources */,
				89584D012868430D00AD094F /* ViewType.swift in Sources */,
				89584D03286843FA00AD094F /* ViewModelType.swift in Sources */,
				894F175A28675EC300F34D57 /* SceneDelegate.swift in Sources */,
				8933F77C28684AF50052A96D /* QuestionViewBuilder.swift in Sources */,
				89584D05286845A000AD094F /* MainViewModel.swift in Sources */,
			);
			runOnlyForDeploymentPostprocessing = 0;
		};
/* End PBXSourcesBuildPhase section */

/* Begin PBXVariantGroup section */
		894F176228675EC300F34D57 /* LaunchScreen.storyboard */ = {
			isa = PBXVariantGroup;
			children = (
				894F176328675EC300F34D57 /* Base */,
			);
			name = LaunchScreen.storyboard;
			sourceTree = "<group>";
		};
/* End PBXVariantGroup section */

/* Begin XCBuildConfiguration section */
		894F176628675EC300F34D57 /* Debug */ = {
			isa = XCBuildConfiguration;
			buildSettings = {
				ALWAYS_SEARCH_USER_PATHS = NO;
				CLANG_ANALYZER_NONNULL = YES;
				CLANG_ANALYZER_NUMBER_OBJECT_CONVERSION = YES_AGGRESSIVE;
				CLANG_CXX_LANGUAGE_STANDARD = "gnu++17";
				CLANG_ENABLE_MODULES = YES;
				CLANG_ENABLE_OBJC_ARC = YES;
				CLANG_ENABLE_OBJC_WEAK = YES;
				CLANG_WARN_BLOCK_CAPTURE_AUTORELEASING = YES;
				CLANG_WARN_BOOL_CONVERSION = YES;
				CLANG_WARN_COMMA = YES;
				CLANG_WARN_CONSTANT_CONVERSION = YES;
				CLANG_WARN_DEPRECATED_OBJC_IMPLEMENTATIONS = YES;
				CLANG_WARN_DIRECT_OBJC_ISA_USAGE = YES_ERROR;
				CLANG_WARN_DOCUMENTATION_COMMENTS = YES;
				CLANG_WARN_EMPTY_BODY = YES;
				CLANG_WARN_ENUM_CONVERSION = YES;
				CLANG_WARN_INFINITE_RECURSION = YES;
				CLANG_WARN_INT_CONVERSION = YES;
				CLANG_WARN_NON_LITERAL_NULL_CONVERSION = YES;
				CLANG_WARN_OBJC_IMPLICIT_RETAIN_SELF = YES;
				CLANG_WARN_OBJC_LITERAL_CONVERSION = YES;
				CLANG_WARN_OBJC_ROOT_CLASS = YES_ERROR;
				CLANG_WARN_QUOTED_INCLUDE_IN_FRAMEWORK_HEADER = YES;
				CLANG_WARN_RANGE_LOOP_ANALYSIS = YES;
				CLANG_WARN_STRICT_PROTOTYPES = YES;
				CLANG_WARN_SUSPICIOUS_MOVE = YES;
				CLANG_WARN_UNGUARDED_AVAILABILITY = YES_AGGRESSIVE;
				CLANG_WARN_UNREACHABLE_CODE = YES;
				CLANG_WARN__DUPLICATE_METHOD_MATCH = YES;
				COPY_PHASE_STRIP = NO;
				DEBUG_INFORMATION_FORMAT = dwarf;
				ENABLE_STRICT_OBJC_MSGSEND = YES;
				ENABLE_TESTABILITY = YES;
				GCC_C_LANGUAGE_STANDARD = gnu11;
				GCC_DYNAMIC_NO_PIC = NO;
				GCC_NO_COMMON_BLOCKS = YES;
				GCC_OPTIMIZATION_LEVEL = 0;
				GCC_PREPROCESSOR_DEFINITIONS = (
					"DEBUG=1",
					"$(inherited)",
				);
				GCC_WARN_64_TO_32_BIT_CONVERSION = YES;
				GCC_WARN_ABOUT_RETURN_TYPE = YES_ERROR;
				GCC_WARN_UNDECLARED_SELECTOR = YES;
				GCC_WARN_UNINITIALIZED_AUTOS = YES_AGGRESSIVE;
				GCC_WARN_UNUSED_FUNCTION = YES;
				GCC_WARN_UNUSED_VARIABLE = YES;
				IPHONEOS_DEPLOYMENT_TARGET = 15.5;
				MTL_ENABLE_DEBUG_INFO = INCLUDE_SOURCE;
				MTL_FAST_MATH = YES;
				ONLY_ACTIVE_ARCH = YES;
				SDKROOT = iphoneos;
				SWIFT_ACTIVE_COMPILATION_CONDITIONS = DEBUG;
				SWIFT_OPTIMIZATION_LEVEL = "-Onone";
			};
			name = Debug;
		};
		894F176728675EC300F34D57 /* Release */ = {
			isa = XCBuildConfiguration;
			buildSettings = {
				ALWAYS_SEARCH_USER_PATHS = NO;
				CLANG_ANALYZER_NONNULL = YES;
				CLANG_ANALYZER_NUMBER_OBJECT_CONVERSION = YES_AGGRESSIVE;
				CLANG_CXX_LANGUAGE_STANDARD = "gnu++17";
				CLANG_ENABLE_MODULES = YES;
				CLANG_ENABLE_OBJC_ARC = YES;
				CLANG_ENABLE_OBJC_WEAK = YES;
				CLANG_WARN_BLOCK_CAPTURE_AUTORELEASING = YES;
				CLANG_WARN_BOOL_CONVERSION = YES;
				CLANG_WARN_COMMA = YES;
				CLANG_WARN_CONSTANT_CONVERSION = YES;
				CLANG_WARN_DEPRECATED_OBJC_IMPLEMENTATIONS = YES;
				CLANG_WARN_DIRECT_OBJC_ISA_USAGE = YES_ERROR;
				CLANG_WARN_DOCUMENTATION_COMMENTS = YES;
				CLANG_WARN_EMPTY_BODY = YES;
				CLANG_WARN_ENUM_CONVERSION = YES;
				CLANG_WARN_INFINITE_RECURSION = YES;
				CLANG_WARN_INT_CONVERSION = YES;
				CLANG_WARN_NON_LITERAL_NULL_CONVERSION = YES;
				CLANG_WARN_OBJC_IMPLICIT_RETAIN_SELF = YES;
				CLANG_WARN_OBJC_LITERAL_CONVERSION = YES;
				CLANG_WARN_OBJC_ROOT_CLASS = YES_ERROR;
				CLANG_WARN_QUOTED_INCLUDE_IN_FRAMEWORK_HEADER = YES;
				CLANG_WARN_RANGE_LOOP_ANALYSIS = YES;
				CLANG_WARN_STRICT_PROTOTYPES = YES;
				CLANG_WARN_SUSPICIOUS_MOVE = YES;
				CLANG_WARN_UNGUARDED_AVAILABILITY = YES_AGGRESSIVE;
				CLANG_WARN_UNREACHABLE_CODE = YES;
				CLANG_WARN__DUPLICATE_METHOD_MATCH = YES;
				COPY_PHASE_STRIP = NO;
				DEBUG_INFORMATION_FORMAT = "dwarf-with-dsym";
				ENABLE_NS_ASSERTIONS = NO;
				ENABLE_STRICT_OBJC_MSGSEND = YES;
				GCC_C_LANGUAGE_STANDARD = gnu11;
				GCC_NO_COMMON_BLOCKS = YES;
				GCC_WARN_64_TO_32_BIT_CONVERSION = YES;
				GCC_WARN_ABOUT_RETURN_TYPE = YES_ERROR;
				GCC_WARN_UNDECLARED_SELECTOR = YES;
				GCC_WARN_UNINITIALIZED_AUTOS = YES_AGGRESSIVE;
				GCC_WARN_UNUSED_FUNCTION = YES;
				GCC_WARN_UNUSED_VARIABLE = YES;
				IPHONEOS_DEPLOYMENT_TARGET = 15.5;
				MTL_ENABLE_DEBUG_INFO = NO;
				MTL_FAST_MATH = YES;
				SDKROOT = iphoneos;
				SWIFT_COMPILATION_MODE = wholemodule;
				SWIFT_OPTIMIZATION_LEVEL = "-O";
				VALIDATE_PRODUCT = YES;
			};
			name = Release;
		};
		894F176928675EC300F34D57 /* Debug */ = {
			isa = XCBuildConfiguration;
			baseConfigurationReference = 8F7D9933B8E8F40028FAEBE3 /* Pods-FindPersona.debug.xcconfig */;
			buildSettings = {
				ASSETCATALOG_COMPILER_APPICON_NAME = AppIcon;
				ASSETCATALOG_COMPILER_GLOBAL_ACCENT_COLOR_NAME = AccentColor;
				CODE_SIGN_STYLE = Automatic;
				CURRENT_PROJECT_VERSION = 1;
				GENERATE_INFOPLIST_FILE = YES;
				INFOPLIST_FILE = FindPersona/Resources/Info.plist;
				INFOPLIST_KEY_UIApplicationSupportsIndirectInputEvents = YES;
				INFOPLIST_KEY_UILaunchStoryboardName = LaunchScreen;
				INFOPLIST_KEY_UISupportedInterfaceOrientations_iPad = "UIInterfaceOrientationPortrait UIInterfaceOrientationPortraitUpsideDown UIInterfaceOrientationLandscapeLeft UIInterfaceOrientationLandscapeRight";
				INFOPLIST_KEY_UISupportedInterfaceOrientations_iPhone = "UIInterfaceOrientationPortrait UIInterfaceOrientationLandscapeLeft UIInterfaceOrientationLandscapeRight";
				LD_RUNPATH_SEARCH_PATHS = (
					"$(inherited)",
					"@executable_path/Frameworks",
				);
				MARKETING_VERSION = 1.0;
				PRODUCT_BUNDLE_IDENTIFIER = com.JDman.FindPersona;
				PRODUCT_NAME = "$(TARGET_NAME)";
				SWIFT_EMIT_LOC_STRINGS = YES;
				SWIFT_VERSION = 5.0;
				TARGETED_DEVICE_FAMILY = "1,2";
			};
			name = Debug;
		};
		894F176A28675EC300F34D57 /* Release */ = {
			isa = XCBuildConfiguration;
			baseConfigurationReference = D82F9045087B889A56714AE6 /* Pods-FindPersona.release.xcconfig */;
			buildSettings = {
				ASSETCATALOG_COMPILER_APPICON_NAME = AppIcon;
				ASSETCATALOG_COMPILER_GLOBAL_ACCENT_COLOR_NAME = AccentColor;
				CODE_SIGN_STYLE = Automatic;
				CURRENT_PROJECT_VERSION = 1;
				GENERATE_INFOPLIST_FILE = YES;
				INFOPLIST_FILE = FindPersona/Resources/Info.plist;
				INFOPLIST_KEY_UIApplicationSupportsIndirectInputEvents = YES;
				INFOPLIST_KEY_UILaunchStoryboardName = LaunchScreen;
				INFOPLIST_KEY_UISupportedInterfaceOrientations_iPad = "UIInterfaceOrientationPortrait UIInterfaceOrientationPortraitUpsideDown UIInterfaceOrientationLandscapeLeft UIInterfaceOrientationLandscapeRight";
				INFOPLIST_KEY_UISupportedInterfaceOrientations_iPhone = "UIInterfaceOrientationPortrait UIInterfaceOrientationLandscapeLeft UIInterfaceOrientationLandscapeRight";
				LD_RUNPATH_SEARCH_PATHS = (
					"$(inherited)",
					"@executable_path/Frameworks",
				);
				MARKETING_VERSION = 1.0;
				PRODUCT_BUNDLE_IDENTIFIER = com.JDman.FindPersona;
				PRODUCT_NAME = "$(TARGET_NAME)";
				SWIFT_EMIT_LOC_STRINGS = YES;
				SWIFT_VERSION = 5.0;
				TARGETED_DEVICE_FAMILY = "1,2";
			};
			name = Release;
		};
/* End XCBuildConfiguration section */

/* Begin XCConfigurationList section */
		894F174F28675EC300F34D57 /* Build configuration list for PBXProject "FindPersona" */ = {
			isa = XCConfigurationList;
			buildConfigurations = (
				894F176628675EC300F34D57 /* Debug */,
				894F176728675EC300F34D57 /* Release */,
			);
			defaultConfigurationIsVisible = 0;
			defaultConfigurationName = Release;
		};
		894F176828675EC300F34D57 /* Build configuration list for PBXNativeTarget "FindPersona" */ = {
			isa = XCConfigurationList;
			buildConfigurations = (
				894F176928675EC300F34D57 /* Debug */,
				894F176A28675EC300F34D57 /* Release */,
			);
			defaultConfigurationIsVisible = 0;
			defaultConfigurationName = Release;
		};
/* End XCConfigurationList section */
	};
	rootObject = 894F174C28675EC300F34D57 /* Project object */;
}
